<?xml version="1.0" encoding="utf-8"?>
<Project ToolsVersion="4.0" xmlns="http://schemas.microsoft.com/developer/msbuild/2003">
  <ItemGroup>
    <Filter Include="소스 파일">
      <UniqueIdentifier>{4FC737F1-C7A5-4376-A066-2A32D752A2FF}</UniqueIdentifier>
      <Extensions>cpp;c;cc;cxx;c++;cppm;ixx;def;odl;idl;hpj;bat;asm;asmx</Extensions>
    </Filter>
    <Filter Include="헤더 파일">
      <UniqueIdentifier>{93995380-89BD-4b04-88EB-625FBE52EBFB}</UniqueIdentifier>
      <Extensions>h;hh;hpp;hxx;h++;hm;inl;inc;ipp;xsd</Extensions>
    </Filter>
    <Filter Include="리소스 파일">
      <UniqueIdentifier>{67DA6AB6-F800-4c08-8B7A-83BB121AAD01}</UniqueIdentifier>
      <Extensions>rc;ico;cur;bmp;dlg;rc2;rct;bin;rgs;gif;jpg;jpeg;jpe;resx;tiff;tif;png;wav;mfcribbon-ms</Extensions>
    </Filter>
    <Filter Include="소스 파일\day1">
      <UniqueIdentifier>{d8804eed-0a25-4f35-86a7-afec0b9e1ddb}</UniqueIdentifier>
    </Filter>
    <Filter Include="소스 파일\day2">
      <UniqueIdentifier>{e759961c-cf76-4c3d-b997-93dbc2594b6f}</UniqueIdentifier>
    </Filter>
    <Filter Include="소스 파일\day3">
      <UniqueIdentifier>{19dda9e6-cb5d-4a0e-8f0e-e8acd0bf3866}</UniqueIdentifier>
    </Filter>
    <Filter Include="소스 파일\day4">
      <UniqueIdentifier>{4bc3dab4-6f12-4d77-a516-a1e90e0abe35}</UniqueIdentifier>
    </Filter>
    <Filter Include="소스 파일\day5">
      <UniqueIdentifier>{2244e10c-fd0a-4302-819b-4c7ba4b1f91b}</UniqueIdentifier>
    </Filter>
    <Filter Include="소스 파일\day6">
      <UniqueIdentifier>{4718f58f-b8cb-42e9-8510-503b82438530}</UniqueIdentifier>
    </Filter>
    <Filter Include="소스 파일\day7">
      <UniqueIdentifier>{dec88802-2e5e-4a48-ad86-5afe928b9b04}</UniqueIdentifier>
    </Filter>
    <Filter Include="소스 파일\day8">
      <UniqueIdentifier>{3dd1bff0-80bf-4b17-8d20-b77c6a2b99d2}</UniqueIdentifier>
    </Filter>
    <Filter Include="소스 파일\day9">
      <UniqueIdentifier>{497e5395-daee-4121-a59a-f2a86865ca21}</UniqueIdentifier>
    </Filter>
    <Filter Include="소스 파일\day10">
      <UniqueIdentifier>{51d2ecf9-4b8f-4e33-b050-3e1b8921d0f5}</UniqueIdentifier>
    </Filter>
    <Filter Include="소스 파일\day11">
      <UniqueIdentifier>{d4d98821-a715-49f6-bf7e-6fc3c425aaad}</UniqueIdentifier>
    </Filter>
    <Filter Include="소스 파일\day12">
      <UniqueIdentifier>{ef3db637-2eee-4600-8f03-1c7919cdfb7e}</UniqueIdentifier>
    </Filter>
  </ItemGroup>
  <ItemGroup>
    <ClCompile Include="day1.c">
      <Filter>소스 파일\day1</Filter>
    </ClCompile>
    <ClCompile Include="자료형.c">
      <Filter>소스 파일\day2</Filter>
    </ClCompile>
    <ClCompile Include="unsigned.c">
      <Filter>소스 파일\day3</Filter>
    </ClCompile>
    <ClCompile Include="day3.c">
      <Filter>소스 파일\day4</Filter>
    </ClCompile>
    <ClCompile Include="증감연산자.c">
      <Filter>소스 파일\day5</Filter>
    </ClCompile>
    <ClCompile Include="짱구평균문제.c">
      <Filter>소스 파일\day5</Filter>
    </ClCompile>
    <ClCompile Include="대입연산자.c">
      <Filter>소스 파일\day4</Filter>
    </ClCompile>
    <ClCompile Include="산술연산자.c">
      <Filter>소스 파일\day4</Filter>
    </ClCompile>
    <ClCompile Include="논리연산자.c">
      <Filter>소스 파일\day5</Filter>
    </ClCompile>
    <ClCompile Include="비교연산자.c">
      <Filter>소스 파일\day4</Filter>
    </ClCompile>
    <ClCompile Include="삼항조건연산자.c">
      <Filter>소스 파일\day5</Filter>
    </ClCompile>
    <ClCompile Include="삼항조건연산자문제.c">
      <Filter>소스 파일\day5</Filter>
    </ClCompile>
    <ClCompile Include="비트단위연산자.c">
      <Filter>소스 파일\day5</Filter>
    </ClCompile>
    <ClCompile Include="시프트연산자.c">
      <Filter>소스 파일\day5</Filter>
    </ClCompile>
    <ClCompile Include="지하철요금문제.c">
      <Filter>소스 파일\day5</Filter>
    </ClCompile>
    <ClCompile Include="if문.c">
      <Filter>소스 파일\day6</Filter>
    </ClCompile>
    <ClCompile Include="걸음수문제.c">
      <Filter>소스 파일\day6</Filter>
    </ClCompile>
    <ClCompile Include="else.c">
      <Filter>소스 파일\day6</Filter>
    </ClCompile>
    <ClCompile Include="홀수짝수문제.c">
      <Filter>소스 파일\day6</Filter>
    </ClCompile>
    <ClCompile Include="else_if문.c">
      <Filter>소스 파일\day6</Filter>
    </ClCompile>
    <ClCompile Include="학점문제.c">
      <Filter>소스 파일\day6</Filter>
    </ClCompile>
    <ClCompile Include="복합조건버스요금.c">
      <Filter>소스 파일\day6</Filter>
    </ClCompile>
    <ClCompile Include="중첩if문.c">
      <Filter>소스 파일\day6</Filter>
    </ClCompile>
    <ClCompile Include="배송비문제.c">
      <Filter>소스 파일\day6</Filter>
    </ClCompile>
    <ClCompile Include="switch.c">
      <Filter>소스 파일\day7</Filter>
    </ClCompile>
    <ClCompile Include="switch문계산기.c">
      <Filter>소스 파일\day7</Filter>
    </ClCompile>
    <ClCompile Include="while문.c">
      <Filter>소스 파일\day7</Filter>
    </ClCompile>
    <ClCompile Include="while문구구단.c">
      <Filter>소스 파일\day7</Filter>
    </ClCompile>
    <ClCompile Include="사용자가0을입력할때까지.c">
      <Filter>소스 파일\day7</Filter>
    </ClCompile>
    <ClCompile Include="dowhile문.c">
      <Filter>소스 파일\day7</Filter>
    </ClCompile>
    <ClCompile Include="for문.c">
      <Filter>소스 파일\day7</Filter>
    </ClCompile>
    <ClCompile Include="for문감소하기문제.c">
      <Filter>소스 파일\day7</Filter>
    </ClCompile>
    <ClCompile Include="for제곱출력기.c">
      <Filter>소스 파일\day7</Filter>
    </ClCompile>
    <ClCompile Include="무한루프.c">
      <Filter>소스 파일\day7</Filter>
    </ClCompile>
    <ClCompile Include="break.c">
      <Filter>소스 파일\day8</Filter>
    </ClCompile>
    <ClCompile Include="continue문.c">
      <Filter>소스 파일\day8</Filter>
    </ClCompile>
    <ClCompile Include="while짝수만출력.c">
      <Filter>소스 파일\day8</Filter>
    </ClCompile>
    <ClCompile Include="중첩for문.c">
      <Filter>소스 파일\day8</Filter>
    </ClCompile>
    <ClCompile Include="구구단출력문제.c">
      <Filter>소스 파일\day8</Filter>
    </ClCompile>
    <ClCompile Include="별찍기문제.c">
      <Filter>소스 파일\day8</Filter>
    </ClCompile>
    <ClCompile Include="배열.c">
      <Filter>소스 파일\day9</Filter>
    </ClCompile>
    <ClCompile Include="문자열변수.c">
      <Filter>소스 파일\day9</Filter>
    </ClCompile>
    <ClCompile Include="포인터.c">
      <Filter>소스 파일\day9</Filter>
    </ClCompile>
    <ClCompile Include="포인터문제.c">
      <Filter>소스 파일\day9</Filter>
    </ClCompile>
    <ClCompile Include="포인트와배열.c">
      <Filter>소스 파일\day10</Filter>
    </ClCompile>
    <ClCompile Include="포인터와배열문제.c">
      <Filter>소스 파일\day10</Filter>
    </ClCompile>
    <ClCompile Include="포인터배열.c">
      <Filter>소스 파일\day10</Filter>
    </ClCompile>
    <ClCompile Include="2차원배열.c">
      <Filter>소스 파일\day11</Filter>
    </ClCompile>
    <ClCompile Include="2차원배열문제.c">
      <Filter>소스 파일\day11</Filter>
    </ClCompile>
    <ClCompile Include="3차원배열.c">
      <Filter>소스 파일\day11</Filter>
    </ClCompile>
    <ClCompile Include="2차원구구단문제.c">
      <Filter>소스 파일\day11</Filter>
    </ClCompile>
    <ClCompile Include="배열포인터.c">
      <Filter>소스 파일\day12</Filter>
    </ClCompile>
    <ClCompile Include="함수.c">
      <Filter>소스 파일\day12</Filter>
    </ClCompile>
    <ClCompile Include="함수문제_이름을입력받아출력.c">
      <Filter>소스 파일\day12</Filter>
    </ClCompile>
  </ItemGroup>
</Project>